dependencies:
- name: common
  repository: https://charts.bitnami.com/bitnami
  version: 1.10.0
- name: postgresql
  repository: https://charts.bitnami.com/bitnami
  version: 10.12.0
- name: minio
  repository: https://charts.bitnami.com/bitnami
  version: 7.3.2
digest: sha256:397d97e19eb380e2c161901ea6737a5ccc6e4e75e9a099a555b4d0f879565f0a
generated: "2021-10-05T13:31:36.561474+05:30"
